
Microsoft Visual Studio Solution File, Format Version 12.00
# Visual Studio Version 16
VisualStudioVersion = 16.0.31702.278
MinimumVisualStudioVersion = 10.0.40219.1
Project("{FAE04EC0-301F-11D3-BF4B-00C04F79EFBC}") = "API1", "API1\API1.csproj", "{598FC44D-CB07-4689-95FD-9B3DF0BE21E9}"
EndProject
Global
	GlobalSection(SolutionConfigurationPlatforms) = preSolution
		Debug|Any CPU = Debug|Any CPU
		Release|Any CPU = Release|Any CPU
	EndGlobalSection
	GlobalSection(ProjectConfigurationPlatforms) = postSolution
		{598FC44D-CB07-4689-95FD-9B3DF0BE21E9}.Debug|Any CPU.ActiveCfg = Debug|Any CPU
		{598FC44D-CB07-4689-95FD-9B3DF0BE21E9}.Debug|Any CPU.Build.0 = Debug|Any CPU
		{598FC44D-CB07-4689-95FD-9B3DF0BE21E9}.Release|Any CPU.ActiveCfg = Release|Any CPU
		{598FC44D-CB07-4689-95FD-9B3DF0BE21E9}.Release|Any CPU.Build.0 = Release|Any CPU
	EndGlobalSection
	GlobalSection(SolutionProperties) = preSolution
		HideSolutionNode = FALSE
	EndGlobalSection
	GlobalSection(ExtensibilityGlobals) = postSolution
		SolutionGuid = {9D856E03-8EDD-46F9-9F4E-FAA096E60C7A}
	EndGlobalSection
EndGlobal
